
Microsoft Visual Studio Solution File, Format Version 12.00
# Visual Studio Version 16
VisualStudioVersion = 16.0.31105.61
MinimumVisualStudioVersion = 10.0.40219.1
Project("{FAE04EC0-301F-11D3-BF4B-00C04F79EFBC}") = "FixExifTimeStamp", "FixExifTimeStamp\FixExifTimeStamp.csproj", "{F6DD6514-0657-4330-B026-6230E55CC6FB}"
EndProject
Project("{FAE04EC0-301F-11D3-BF4B-00C04F79EFBC}") = "KMZ-PhotoMapper", "KMZ-PhotoMapper\KMZ-PhotoMapper.csproj", "{5276A652-18F4-4ED5-9EE5-9464A03E8C45}"
	ProjectSection(ProjectDependencies) = postProject
		{1EF34D8A-44D9-44B2-BB7E-706B686A261E} = {1EF34D8A-44D9-44B2-BB7E-706B686A261E}
	EndProjectSection
EndProject
Project("{2150E333-8FDC-42A3-9474-1A3956D46DE8}") = "Solution Items", "Solution Items", "{F0FAB421-8680-452C-8508-7E1CD2862851}"
	ProjectSection(SolutionItems) = preProject
		.editorconfig = .editorconfig
	EndProjectSection
EndProject
Project("{FAE04EC0-301F-11D3-BF4B-00C04F79EFBC}") = "EXIFLib_472", "EXIFLib_472\EXIFLib_472.csproj", "{1EF34D8A-44D9-44B2-BB7E-706B686A261E}"
EndProject
Global
	GlobalSection(SolutionConfigurationPlatforms) = preSolution
		Debug|Any CPU = Debug|Any CPU
		Release|Any CPU = Release|Any CPU
	EndGlobalSection
	GlobalSection(ProjectConfigurationPlatforms) = postSolution
		{F6DD6514-0657-4330-B026-6230E55CC6FB}.Debug|Any CPU.ActiveCfg = Debug|Any CPU
		{F6DD6514-0657-4330-B026-6230E55CC6FB}.Debug|Any CPU.Build.0 = Debug|Any CPU
		{F6DD6514-0657-4330-B026-6230E55CC6FB}.Release|Any CPU.ActiveCfg = Release|Any CPU
		{F6DD6514-0657-4330-B026-6230E55CC6FB}.Release|Any CPU.Build.0 = Release|Any CPU
		{5276A652-18F4-4ED5-9EE5-9464A03E8C45}.Debug|Any CPU.ActiveCfg = Debug|Any CPU
		{5276A652-18F4-4ED5-9EE5-9464A03E8C45}.Debug|Any CPU.Build.0 = Debug|Any CPU
		{5276A652-18F4-4ED5-9EE5-9464A03E8C45}.Release|Any CPU.ActiveCfg = Release|Any CPU
		{5276A652-18F4-4ED5-9EE5-9464A03E8C45}.Release|Any CPU.Build.0 = Release|Any CPU
		{1EF34D8A-44D9-44B2-BB7E-706B686A261E}.Debug|Any CPU.ActiveCfg = Debug|Any CPU
		{1EF34D8A-44D9-44B2-BB7E-706B686A261E}.Debug|Any CPU.Build.0 = Debug|Any CPU
		{1EF34D8A-44D9-44B2-BB7E-706B686A261E}.Release|Any CPU.ActiveCfg = Release|Any CPU
		{1EF34D8A-44D9-44B2-BB7E-706B686A261E}.Release|Any CPU.Build.0 = Release|Any CPU
	EndGlobalSection
	GlobalSection(SolutionProperties) = preSolution
		HideSolutionNode = FALSE
	EndGlobalSection
	GlobalSection(ExtensibilityGlobals) = postSolution
		SolutionGuid = {9CE4FADA-2536-4CC1-ADCC-21F926DF5EAC}
	EndGlobalSection
EndGlobal
